# This file is autogenerated, do not edit; changes may be undone by the next 'dep ensure'.


[[projects]]
  digest = "1:86c75d55fde56a814f69515d092963634d6f5f6bc1c3e9091b01fbe373a9546e"
  name = "github.com/k0kubun/pp"
  packages = ["."]
  pruneopts = "UT"
  revision = "3d73dea227e0711e38b911ffa6fbafc8ff6b2991"
  version = "v3.0.1"

[[projects]]
  digest = "1:4a29eeb25603debe8f2098a9902c4d3851034cf70d33be428826e86e8c30a1b0"
  name = "github.com/mattn/go-colorable"
  packages = ["."]
  pruneopts = "UT"
  revision = "98ec13f34aabf44cc914c65a1cfb7b9bc815aef1"
  version = "v0.1.4"

[[projects]]
  digest = "1:d62282425ffb75047679d7e2c3b980eea7f82c05ef5fb9142ee617ebac6e7432"
  name = "github.com/mattn/go-isatty"
  packages = ["."]
  pruneopts = "UT"
  revision = "88ba11cfdc67c7588b30042edf244b2875f892b6"
  version = "v0.0.10"

[[projects]]
  branch = "master"
  digest = "1:b2be48366d92ac4a5677fca7c8229c0cd620d182d11fef25ec1a316037fc0a26"
  name = "github.com/mitchellh/go-mruby"
  packages = ["."]
  pruneopts = "UT"
  revision = "cd6a04a6ea57d3ecdf60ec703c927fb4984569ff"

[[projects]]
  branch = "master"
  digest = "1:45210b43da1e8bdd4feb4f782d52272fc9737770e8cdf5b4f316f45bc3cce779"
  name = "github.com/tzmfreedom/go-soapforce"
  packages = ["."]
  pruneopts = "UT"
  revision = "101773f1443646e85d3b57c5c233511e372f2a46"

[[projects]]
  branch = "master"
  digest = "1:999c8e6b10ddb08bc4ea3a56d4e838194c4884eac6ecf90a9aa98ed8475fdf37"
  name = "golang.org/x/sys"
  packages = ["unix"]
  pruneopts = "UT"
  revision = "e8c54fb511f6a2d695a4403ae0dab1c05aef011a"

[solve-meta]
  analyzer-name = "dep"
  analyzer-version = 1
  input-imports = [
    "github.com/k0kubun/pp",
    "github.com/mitchellh/go-mruby",
    "github.com/tzmfreedom/go-soapforce",
  ]
  solver-name = "gps-cdcl"
  solver-version = 1
